<?xml version="1.0" encoding="utf-8"?>
<Project ToolsVersion="17.0" xmlns="http://schemas.microsoft.com/developer/msbuild/2003">
  <ItemGroup>
    <ClCompile Include="C:\Users\vande\Desktop\loxboot\tests\test_loxboot_crash_loop.c">
      <Filter>Source Files</Filter>
    </ClCompile>
    <ClCompile Include="C:\Users\vande\Desktop\loxboot\tests\test_support.c">
      <Filter>Source Files</Filter>
    </ClCompile>
  </ItemGroup>
  <ItemGroup>
    <CustomBuild Include="C:\Users\vande\Desktop\loxboot\CMakeLists.txt" />
  </ItemGroup>
  <ItemGroup>
    <Filter Include="Source Files">
      <UniqueIdentifier>{360994FB-EED4-305A-A4DD-EC49048FE7BC}</UniqueIdentifier>
    </Filter>
  </ItemGroup>
</Project>
