<?xml version="1.0" encoding="utf-8"?>
<Project ToolsVersion="17.0" xmlns="http://schemas.microsoft.com/developer/msbuild/2003">
  <ItemGroup>
    <ClCompile Include="C:\Users\vande\Desktop\loxboot\src\loxboot_core.c">
      <Filter>Source Files</Filter>
    </ClCompile>
    <ClCompile Include="C:\Users\vande\Desktop\loxboot\src\loxboot_crc32.c">
      <Filter>Source Files</Filter>
    </ClCompile>
    <ClCompile Include="C:\Users\vande\Desktop\loxboot\src\loxboot_state.c">
      <Filter>Source Files</Filter>
    </ClCompile>
    <ClCompile Include="C:\Users\vande\Desktop\loxboot\ports\uart\loxboot_uart.c">
      <Filter>Source Files</Filter>
    </ClCompile>
  </ItemGroup>
  <ItemGroup>
    <CustomBuild Include="C:\Users\vande\Desktop\loxboot\CMakeLists.txt" />
  </ItemGroup>
  <ItemGroup>
    <Filter Include="Source Files">
      <UniqueIdentifier>{F1C7C314-BEF5-38A9-A0DB-DE3DAEA8E4AA}</UniqueIdentifier>
    </Filter>
  </ItemGroup>
</Project>
