<?xml version="1.0" encoding="utf-8"?>
<Project ToolsVersion="17.0" xmlns="http://schemas.microsoft.com/developer/msbuild/2003">
  <ItemGroup>
    <CustomBuild Include="C:\Users\vande\Desktop\loxboot\build_test_gcc\CMakeFiles\cc759b780911099027e3374adfdc9f24\generate.stamp.rule">
      <Filter>CMake Rules</Filter>
    </CustomBuild>
  </ItemGroup>
  <ItemGroup>
    <Filter Include="CMake Rules">
      <UniqueIdentifier>{4A7C7CB2-A69A-36B1-AD30-D4D8F6CFFA50}</UniqueIdentifier>
    </Filter>
  </ItemGroup>
</Project>
