
Microsoft Visual Studio Solution File, Format Version 12.00
# Visual Studio Version 17
Project("{8BC9CEB8-8B4A-11D0-8D11-00A0C91BC942}") = "ALL_BUILD", "ALL_BUILD.vcxproj", "{764374A0-3DEA-3FF8-837F-2E94C2B152BA}"
	ProjectSection(ProjectDependencies) = postProject
		{A1145BF9-949A-31E2-8E03-B98C3C8A7149} = {A1145BF9-949A-31E2-8E03-B98C3C8A7149}
		{33B6D3C8-DF0C-32CF-982C-442ED7603E84} = {33B6D3C8-DF0C-32CF-982C-442ED7603E84}
		{496EA1A6-2CA4-3851-8FA0-D2596FC96DCD} = {496EA1A6-2CA4-3851-8FA0-D2596FC96DCD}
		{AE4C7F56-430E-3550-A5C0-81F9BEBEE911} = {AE4C7F56-430E-3550-A5C0-81F9BEBEE911}
		{0FD87EB6-9F3C-3DCA-8899-28DC828E0B7B} = {0FD87EB6-9F3C-3DCA-8899-28DC828E0B7B}
		{F361FF9D-A011-3CEB-BB68-940024A8EFC9} = {F361FF9D-A011-3CEB-BB68-940024A8EFC9}
		{EA61AE16-AC11-3004-BAAA-316B23F42993} = {EA61AE16-AC11-3004-BAAA-316B23F42993}
		{F9F49165-1F69-348F-AA3F-78C7AE57E3E3} = {F9F49165-1F69-348F-AA3F-78C7AE57E3E3}
		{35381F03-AB43-3B0C-9041-465B38DD90E6} = {35381F03-AB43-3B0C-9041-465B38DD90E6}
		{74412C3D-3432-36C6-B735-EFC32F6B464D} = {74412C3D-3432-36C6-B735-EFC32F6B464D}
		{6A0594DF-48B2-3736-B294-3A7054000680} = {6A0594DF-48B2-3736-B294-3A7054000680}
		{78D7D480-90D3-33C4-8DDF-C86570F93C09} = {78D7D480-90D3-33C4-8DDF-C86570F93C09}
		{89B38080-3E74-3DA2-86FE-00FF60EBADB3} = {89B38080-3E74-3DA2-86FE-00FF60EBADB3}
		{DC8119E0-C01E-357B-A31D-CEDA6FA7F039} = {DC8119E0-C01E-357B-A31D-CEDA6FA7F039}
		{7EB4A294-718E-3CFB-88CB-FE9D7BB1ACB6} = {7EB4A294-718E-3CFB-88CB-FE9D7BB1ACB6}
	EndProjectSection
EndProject
Project("{8BC9CEB8-8B4A-11D0-8D11-00A0C91BC942}") = "RUN_TESTS", "RUN_TESTS.vcxproj", "{1AC9C233-5BC3-33C2-9B81-76A844EFCEDB}"
	ProjectSection(ProjectDependencies) = postProject
		{A1145BF9-949A-31E2-8E03-B98C3C8A7149} = {A1145BF9-949A-31E2-8E03-B98C3C8A7149}
	EndProjectSection
EndProject
Project("{8BC9CEB8-8B4A-11D0-8D11-00A0C91BC942}") = "ZERO_CHECK", "ZERO_CHECK.vcxproj", "{A1145BF9-949A-31E2-8E03-B98C3C8A7149}"
	ProjectSection(ProjectDependencies) = postProject
	EndProjectSection
EndProject
Project("{8BC9CEB8-8B4A-11D0-8D11-00A0C91BC942}") = "loxboot", "loxboot.vcxproj", "{33B6D3C8-DF0C-32CF-982C-442ED7603E84}"
	ProjectSection(ProjectDependencies) = postProject
		{A1145BF9-949A-31E2-8E03-B98C3C8A7149} = {A1145BF9-949A-31E2-8E03-B98C3C8A7149}
	EndProjectSection
EndProject
Project("{8BC9CEB8-8B4A-11D0-8D11-00A0C91BC942}") = "test_loxboot_boot_sequence", "test_loxboot_boot_sequence.vcxproj", "{496EA1A6-2CA4-3851-8FA0-D2596FC96DCD}"
	ProjectSection(ProjectDependencies) = postProject
		{A1145BF9-949A-31E2-8E03-B98C3C8A7149} = {A1145BF9-949A-31E2-8E03-B98C3C8A7149}
		{33B6D3C8-DF0C-32CF-982C-442ED7603E84} = {33B6D3C8-DF0C-32CF-982C-442ED7603E84}
	EndProjectSection
EndProject
Project("{8BC9CEB8-8B4A-11D0-8D11-00A0C91BC942}") = "test_loxboot_commit_slot", "test_loxboot_commit_slot.vcxproj", "{AE4C7F56-430E-3550-A5C0-81F9BEBEE911}"
	ProjectSection(ProjectDependencies) = postProject
		{A1145BF9-949A-31E2-8E03-B98C3C8A7149} = {A1145BF9-949A-31E2-8E03-B98C3C8A7149}
		{33B6D3C8-DF0C-32CF-982C-442ED7603E84} = {33B6D3C8-DF0C-32CF-982C-442ED7603E84}
	EndProjectSection
EndProject
Project("{8BC9CEB8-8B4A-11D0-8D11-00A0C91BC942}") = "test_loxboot_confirm_boot", "test_loxboot_confirm_boot.vcxproj", "{0FD87EB6-9F3C-3DCA-8899-28DC828E0B7B}"
	ProjectSection(ProjectDependencies) = postProject
		{A1145BF9-949A-31E2-8E03-B98C3C8A7149} = {A1145BF9-949A-31E2-8E03-B98C3C8A7149}
		{33B6D3C8-DF0C-32CF-982C-442ED7603E84} = {33B6D3C8-DF0C-32CF-982C-442ED7603E84}
	EndProjectSection
EndProject
Project("{8BC9CEB8-8B4A-11D0-8D11-00A0C91BC942}") = "test_loxboot_crash_loop", "test_loxboot_crash_loop.vcxproj", "{F361FF9D-A011-3CEB-BB68-940024A8EFC9}"
	ProjectSection(ProjectDependencies) = postProject
		{A1145BF9-949A-31E2-8E03-B98C3C8A7149} = {A1145BF9-949A-31E2-8E03-B98C3C8A7149}
		{33B6D3C8-DF0C-32CF-982C-442ED7603E84} = {33B6D3C8-DF0C-32CF-982C-442ED7603E84}
	EndProjectSection
EndProject
Project("{8BC9CEB8-8B4A-11D0-8D11-00A0C91BC942}") = "test_loxboot_crc32", "test_loxboot_crc32.vcxproj", "{EA61AE16-AC11-3004-BAAA-316B23F42993}"
	ProjectSection(ProjectDependencies) = postProject
		{A1145BF9-949A-31E2-8E03-B98C3C8A7149} = {A1145BF9-949A-31E2-8E03-B98C3C8A7149}
		{33B6D3C8-DF0C-32CF-982C-442ED7603E84} = {33B6D3C8-DF0C-32CF-982C-442ED7603E84}
	EndProjectSection
EndProject
Project("{8BC9CEB8-8B4A-11D0-8D11-00A0C91BC942}") = "test_loxboot_init", "test_loxboot_init.vcxproj", "{F9F49165-1F69-348F-AA3F-78C7AE57E3E3}"
	ProjectSection(ProjectDependencies) = postProject
		{A1145BF9-949A-31E2-8E03-B98C3C8A7149} = {A1145BF9-949A-31E2-8E03-B98C3C8A7149}
		{33B6D3C8-DF0C-32CF-982C-442ED7603E84} = {33B6D3C8-DF0C-32CF-982C-442ED7603E84}
	EndProjectSection
EndProject
Project("{8BC9CEB8-8B4A-11D0-8D11-00A0C91BC942}") = "test_loxboot_invalidate_slot", "test_loxboot_invalidate_slot.vcxproj", "{35381F03-AB43-3B0C-9041-465B38DD90E6}"
	ProjectSection(ProjectDependencies) = postProject
		{A1145BF9-949A-31E2-8E03-B98C3C8A7149} = {A1145BF9-949A-31E2-8E03-B98C3C8A7149}
		{33B6D3C8-DF0C-32CF-982C-442ED7603E84} = {33B6D3C8-DF0C-32CF-982C-442ED7603E84}
	EndProjectSection
EndProject
Project("{8BC9CEB8-8B4A-11D0-8D11-00A0C91BC942}") = "test_loxboot_request_slot", "test_loxboot_request_slot.vcxproj", "{74412C3D-3432-36C6-B735-EFC32F6B464D}"
	ProjectSection(ProjectDependencies) = postProject
		{A1145BF9-949A-31E2-8E03-B98C3C8A7149} = {A1145BF9-949A-31E2-8E03-B98C3C8A7149}
		{33B6D3C8-DF0C-32CF-982C-442ED7603E84} = {33B6D3C8-DF0C-32CF-982C-442ED7603E84}
	EndProjectSection
EndProject
Project("{8BC9CEB8-8B4A-11D0-8D11-00A0C91BC942}") = "test_loxboot_rollback", "test_loxboot_rollback.vcxproj", "{6A0594DF-48B2-3736-B294-3A7054000680}"
	ProjectSection(ProjectDependencies) = postProject
		{A1145BF9-949A-31E2-8E03-B98C3C8A7149} = {A1145BF9-949A-31E2-8E03-B98C3C8A7149}
		{33B6D3C8-DF0C-32CF-982C-442ED7603E84} = {33B6D3C8-DF0C-32CF-982C-442ED7603E84}
	EndProjectSection
EndProject
Project("{8BC9CEB8-8B4A-11D0-8D11-00A0C91BC942}") = "test_loxboot_slot_state", "test_loxboot_slot_state.vcxproj", "{78D7D480-90D3-33C4-8DDF-C86570F93C09}"
	ProjectSection(ProjectDependencies) = postProject
		{A1145BF9-949A-31E2-8E03-B98C3C8A7149} = {A1145BF9-949A-31E2-8E03-B98C3C8A7149}
		{33B6D3C8-DF0C-32CF-982C-442ED7603E84} = {33B6D3C8-DF0C-32CF-982C-442ED7603E84}
	EndProjectSection
EndProject
Project("{8BC9CEB8-8B4A-11D0-8D11-00A0C91BC942}") = "test_loxboot_state_edges", "test_loxboot_state_edges.vcxproj", "{89B38080-3E74-3DA2-86FE-00FF60EBADB3}"
	ProjectSection(ProjectDependencies) = postProject
		{A1145BF9-949A-31E2-8E03-B98C3C8A7149} = {A1145BF9-949A-31E2-8E03-B98C3C8A7149}
		{33B6D3C8-DF0C-32CF-982C-442ED7603E84} = {33B6D3C8-DF0C-32CF-982C-442ED7603E84}
	EndProjectSection
EndProject
Project("{8BC9CEB8-8B4A-11D0-8D11-00A0C91BC942}") = "test_loxboot_uart_frame", "test_loxboot_uart_frame.vcxproj", "{DC8119E0-C01E-357B-A31D-CEDA6FA7F039}"
	ProjectSection(ProjectDependencies) = postProject
		{A1145BF9-949A-31E2-8E03-B98C3C8A7149} = {A1145BF9-949A-31E2-8E03-B98C3C8A7149}
		{33B6D3C8-DF0C-32CF-982C-442ED7603E84} = {33B6D3C8-DF0C-32CF-982C-442ED7603E84}
	EndProjectSection
EndProject
Project("{8BC9CEB8-8B4A-11D0-8D11-00A0C91BC942}") = "test_loxboot_uart_receive", "test_loxboot_uart_receive.vcxproj", "{7EB4A294-718E-3CFB-88CB-FE9D7BB1ACB6}"
	ProjectSection(ProjectDependencies) = postProject
		{A1145BF9-949A-31E2-8E03-B98C3C8A7149} = {A1145BF9-949A-31E2-8E03-B98C3C8A7149}
		{33B6D3C8-DF0C-32CF-982C-442ED7603E84} = {33B6D3C8-DF0C-32CF-982C-442ED7603E84}
	EndProjectSection
EndProject
Global
	GlobalSection(SolutionConfigurationPlatforms) = preSolution
		Debug|x64 = Debug|x64
		Release|x64 = Release|x64
		MinSizeRel|x64 = MinSizeRel|x64
		RelWithDebInfo|x64 = RelWithDebInfo|x64
	EndGlobalSection
	GlobalSection(ProjectConfigurationPlatforms) = postSolution
		{764374A0-3DEA-3FF8-837F-2E94C2B152BA}.Debug|x64.ActiveCfg = Debug|x64
		{764374A0-3DEA-3FF8-837F-2E94C2B152BA}.Release|x64.ActiveCfg = Release|x64
		{764374A0-3DEA-3FF8-837F-2E94C2B152BA}.MinSizeRel|x64.ActiveCfg = MinSizeRel|x64
		{764374A0-3DEA-3FF8-837F-2E94C2B152BA}.RelWithDebInfo|x64.ActiveCfg = RelWithDebInfo|x64
		{1AC9C233-5BC3-33C2-9B81-76A844EFCEDB}.Debug|x64.ActiveCfg = Debug|x64
		{1AC9C233-5BC3-33C2-9B81-76A844EFCEDB}.Release|x64.ActiveCfg = Release|x64
		{1AC9C233-5BC3-33C2-9B81-76A844EFCEDB}.MinSizeRel|x64.ActiveCfg = MinSizeRel|x64
		{1AC9C233-5BC3-33C2-9B81-76A844EFCEDB}.RelWithDebInfo|x64.ActiveCfg = RelWithDebInfo|x64
		{A1145BF9-949A-31E2-8E03-B98C3C8A7149}.Debug|x64.ActiveCfg = Debug|x64
		{A1145BF9-949A-31E2-8E03-B98C3C8A7149}.Debug|x64.Build.0 = Debug|x64
		{A1145BF9-949A-31E2-8E03-B98C3C8A7149}.Release|x64.ActiveCfg = Release|x64
		{A1145BF9-949A-31E2-8E03-B98C3C8A7149}.Release|x64.Build.0 = Release|x64
		{A1145BF9-949A-31E2-8E03-B98C3C8A7149}.MinSizeRel|x64.ActiveCfg = MinSizeRel|x64
		{A1145BF9-949A-31E2-8E03-B98C3C8A7149}.MinSizeRel|x64.Build.0 = MinSizeRel|x64
		{A1145BF9-949A-31E2-8E03-B98C3C8A7149}.RelWithDebInfo|x64.ActiveCfg = RelWithDebInfo|x64
		{A1145BF9-949A-31E2-8E03-B98C3C8A7149}.RelWithDebInfo|x64.Build.0 = RelWithDebInfo|x64
		{33B6D3C8-DF0C-32CF-982C-442ED7603E84}.Debug|x64.ActiveCfg = Debug|x64
		{33B6D3C8-DF0C-32CF-982C-442ED7603E84}.Debug|x64.Build.0 = Debug|x64
		{33B6D3C8-DF0C-32CF-982C-442ED7603E84}.Release|x64.ActiveCfg = Release|x64
		{33B6D3C8-DF0C-32CF-982C-442ED7603E84}.Release|x64.Build.0 = Release|x64
		{33B6D3C8-DF0C-32CF-982C-442ED7603E84}.MinSizeRel|x64.ActiveCfg = MinSizeRel|x64
		{33B6D3C8-DF0C-32CF-982C-442ED7603E84}.MinSizeRel|x64.Build.0 = MinSizeRel|x64
		{33B6D3C8-DF0C-32CF-982C-442ED7603E84}.RelWithDebInfo|x64.ActiveCfg = RelWithDebInfo|x64
		{33B6D3C8-DF0C-32CF-982C-442ED7603E84}.RelWithDebInfo|x64.Build.0 = RelWithDebInfo|x64
		{496EA1A6-2CA4-3851-8FA0-D2596FC96DCD}.Debug|x64.ActiveCfg = Debug|x64
		{496EA1A6-2CA4-3851-8FA0-D2596FC96DCD}.Debug|x64.Build.0 = Debug|x64
		{496EA1A6-2CA4-3851-8FA0-D2596FC96DCD}.Release|x64.ActiveCfg = Release|x64
		{496EA1A6-2CA4-3851-8FA0-D2596FC96DCD}.Release|x64.Build.0 = Release|x64
		{496EA1A6-2CA4-3851-8FA0-D2596FC96DCD}.MinSizeRel|x64.ActiveCfg = MinSizeRel|x64
		{496EA1A6-2CA4-3851-8FA0-D2596FC96DCD}.MinSizeRel|x64.Build.0 = MinSizeRel|x64
		{496EA1A6-2CA4-3851-8FA0-D2596FC96DCD}.RelWithDebInfo|x64.ActiveCfg = RelWithDebInfo|x64
		{496EA1A6-2CA4-3851-8FA0-D2596FC96DCD}.RelWithDebInfo|x64.Build.0 = RelWithDebInfo|x64
		{AE4C7F56-430E-3550-A5C0-81F9BEBEE911}.Debug|x64.ActiveCfg = Debug|x64
		{AE4C7F56-430E-3550-A5C0-81F9BEBEE911}.Debug|x64.Build.0 = Debug|x64
		{AE4C7F56-430E-3550-A5C0-81F9BEBEE911}.Release|x64.ActiveCfg = Release|x64
		{AE4C7F56-430E-3550-A5C0-81F9BEBEE911}.Release|x64.Build.0 = Release|x64
		{AE4C7F56-430E-3550-A5C0-81F9BEBEE911}.MinSizeRel|x64.ActiveCfg = MinSizeRel|x64
		{AE4C7F56-430E-3550-A5C0-81F9BEBEE911}.MinSizeRel|x64.Build.0 = MinSizeRel|x64
		{AE4C7F56-430E-3550-A5C0-81F9BEBEE911}.RelWithDebInfo|x64.ActiveCfg = RelWithDebInfo|x64
		{AE4C7F56-430E-3550-A5C0-81F9BEBEE911}.RelWithDebInfo|x64.Build.0 = RelWithDebInfo|x64
		{0FD87EB6-9F3C-3DCA-8899-28DC828E0B7B}.Debug|x64.ActiveCfg = Debug|x64
		{0FD87EB6-9F3C-3DCA-8899-28DC828E0B7B}.Debug|x64.Build.0 = Debug|x64
		{0FD87EB6-9F3C-3DCA-8899-28DC828E0B7B}.Release|x64.ActiveCfg = Release|x64
		{0FD87EB6-9F3C-3DCA-8899-28DC828E0B7B}.Release|x64.Build.0 = Release|x64
		{0FD87EB6-9F3C-3DCA-8899-28DC828E0B7B}.MinSizeRel|x64.ActiveCfg = MinSizeRel|x64
		{0FD87EB6-9F3C-3DCA-8899-28DC828E0B7B}.MinSizeRel|x64.Build.0 = MinSizeRel|x64
		{0FD87EB6-9F3C-3DCA-8899-28DC828E0B7B}.RelWithDebInfo|x64.ActiveCfg = RelWithDebInfo|x64
		{0FD87EB6-9F3C-3DCA-8899-28DC828E0B7B}.RelWithDebInfo|x64.Build.0 = RelWithDebInfo|x64
		{F361FF9D-A011-3CEB-BB68-940024A8EFC9}.Debug|x64.ActiveCfg = Debug|x64
		{F361FF9D-A011-3CEB-BB68-940024A8EFC9}.Debug|x64.Build.0 = Debug|x64
		{F361FF9D-A011-3CEB-BB68-940024A8EFC9}.Release|x64.ActiveCfg = Release|x64
		{F361FF9D-A011-3CEB-BB68-940024A8EFC9}.Release|x64.Build.0 = Release|x64
		{F361FF9D-A011-3CEB-BB68-940024A8EFC9}.MinSizeRel|x64.ActiveCfg = MinSizeRel|x64
		{F361FF9D-A011-3CEB-BB68-940024A8EFC9}.MinSizeRel|x64.Build.0 = MinSizeRel|x64
		{F361FF9D-A011-3CEB-BB68-940024A8EFC9}.RelWithDebInfo|x64.ActiveCfg = RelWithDebInfo|x64
		{F361FF9D-A011-3CEB-BB68-940024A8EFC9}.RelWithDebInfo|x64.Build.0 = RelWithDebInfo|x64
		{EA61AE16-AC11-3004-BAAA-316B23F42993}.Debug|x64.ActiveCfg = Debug|x64
		{EA61AE16-AC11-3004-BAAA-316B23F42993}.Debug|x64.Build.0 = Debug|x64
		{EA61AE16-AC11-3004-BAAA-316B23F42993}.Release|x64.ActiveCfg = Release|x64
		{EA61AE16-AC11-3004-BAAA-316B23F42993}.Release|x64.Build.0 = Release|x64
		{EA61AE16-AC11-3004-BAAA-316B23F42993}.MinSizeRel|x64.ActiveCfg = MinSizeRel|x64
		{EA61AE16-AC11-3004-BAAA-316B23F42993}.MinSizeRel|x64.Build.0 = MinSizeRel|x64
		{EA61AE16-AC11-3004-BAAA-316B23F42993}.RelWithDebInfo|x64.ActiveCfg = RelWithDebInfo|x64
		{EA61AE16-AC11-3004-BAAA-316B23F42993}.RelWithDebInfo|x64.Build.0 = RelWithDebInfo|x64
		{F9F49165-1F69-348F-AA3F-78C7AE57E3E3}.Debug|x64.ActiveCfg = Debug|x64
		{F9F49165-1F69-348F-AA3F-78C7AE57E3E3}.Debug|x64.Build.0 = Debug|x64
		{F9F49165-1F69-348F-AA3F-78C7AE57E3E3}.Release|x64.ActiveCfg = Release|x64
		{F9F49165-1F69-348F-AA3F-78C7AE57E3E3}.Release|x64.Build.0 = Release|x64
		{F9F49165-1F69-348F-AA3F-78C7AE57E3E3}.MinSizeRel|x64.ActiveCfg = MinSizeRel|x64
		{F9F49165-1F69-348F-AA3F-78C7AE57E3E3}.MinSizeRel|x64.Build.0 = MinSizeRel|x64
		{F9F49165-1F69-348F-AA3F-78C7AE57E3E3}.RelWithDebInfo|x64.ActiveCfg = RelWithDebInfo|x64
		{F9F49165-1F69-348F-AA3F-78C7AE57E3E3}.RelWithDebInfo|x64.Build.0 = RelWithDebInfo|x64
		{35381F03-AB43-3B0C-9041-465B38DD90E6}.Debug|x64.ActiveCfg = Debug|x64
		{35381F03-AB43-3B0C-9041-465B38DD90E6}.Debug|x64.Build.0 = Debug|x64
		{35381F03-AB43-3B0C-9041-465B38DD90E6}.Release|x64.ActiveCfg = Release|x64
		{35381F03-AB43-3B0C-9041-465B38DD90E6}.Release|x64.Build.0 = Release|x64
		{35381F03-AB43-3B0C-9041-465B38DD90E6}.MinSizeRel|x64.ActiveCfg = MinSizeRel|x64
		{35381F03-AB43-3B0C-9041-465B38DD90E6}.MinSizeRel|x64.Build.0 = MinSizeRel|x64
		{35381F03-AB43-3B0C-9041-465B38DD90E6}.RelWithDebInfo|x64.ActiveCfg = RelWithDebInfo|x64
		{35381F03-AB43-3B0C-9041-465B38DD90E6}.RelWithDebInfo|x64.Build.0 = RelWithDebInfo|x64
		{74412C3D-3432-36C6-B735-EFC32F6B464D}.Debug|x64.ActiveCfg = Debug|x64
		{74412C3D-3432-36C6-B735-EFC32F6B464D}.Debug|x64.Build.0 = Debug|x64
		{74412C3D-3432-36C6-B735-EFC32F6B464D}.Release|x64.ActiveCfg = Release|x64
		{74412C3D-3432-36C6-B735-EFC32F6B464D}.Release|x64.Build.0 = Release|x64
		{74412C3D-3432-36C6-B735-EFC32F6B464D}.MinSizeRel|x64.ActiveCfg = MinSizeRel|x64
		{74412C3D-3432-36C6-B735-EFC32F6B464D}.MinSizeRel|x64.Build.0 = MinSizeRel|x64
		{74412C3D-3432-36C6-B735-EFC32F6B464D}.RelWithDebInfo|x64.ActiveCfg = RelWithDebInfo|x64
		{74412C3D-3432-36C6-B735-EFC32F6B464D}.RelWithDebInfo|x64.Build.0 = RelWithDebInfo|x64
		{6A0594DF-48B2-3736-B294-3A7054000680}.Debug|x64.ActiveCfg = Debug|x64
		{6A0594DF-48B2-3736-B294-3A7054000680}.Debug|x64.Build.0 = Debug|x64
		{6A0594DF-48B2-3736-B294-3A7054000680}.Release|x64.ActiveCfg = Release|x64
		{6A0594DF-48B2-3736-B294-3A7054000680}.Release|x64.Build.0 = Release|x64
		{6A0594DF-48B2-3736-B294-3A7054000680}.MinSizeRel|x64.ActiveCfg = MinSizeRel|x64
		{6A0594DF-48B2-3736-B294-3A7054000680}.MinSizeRel|x64.Build.0 = MinSizeRel|x64
		{6A0594DF-48B2-3736-B294-3A7054000680}.RelWithDebInfo|x64.ActiveCfg = RelWithDebInfo|x64
		{6A0594DF-48B2-3736-B294-3A7054000680}.RelWithDebInfo|x64.Build.0 = RelWithDebInfo|x64
		{78D7D480-90D3-33C4-8DDF-C86570F93C09}.Debug|x64.ActiveCfg = Debug|x64
		{78D7D480-90D3-33C4-8DDF-C86570F93C09}.Debug|x64.Build.0 = Debug|x64
		{78D7D480-90D3-33C4-8DDF-C86570F93C09}.Release|x64.ActiveCfg = Release|x64
		{78D7D480-90D3-33C4-8DDF-C86570F93C09}.Release|x64.Build.0 = Release|x64
		{78D7D480-90D3-33C4-8DDF-C86570F93C09}.MinSizeRel|x64.ActiveCfg = MinSizeRel|x64
		{78D7D480-90D3-33C4-8DDF-C86570F93C09}.MinSizeRel|x64.Build.0 = MinSizeRel|x64
		{78D7D480-90D3-33C4-8DDF-C86570F93C09}.RelWithDebInfo|x64.ActiveCfg = RelWithDebInfo|x64
		{78D7D480-90D3-33C4-8DDF-C86570F93C09}.RelWithDebInfo|x64.Build.0 = RelWithDebInfo|x64
		{89B38080-3E74-3DA2-86FE-00FF60EBADB3}.Debug|x64.ActiveCfg = Debug|x64
		{89B38080-3E74-3DA2-86FE-00FF60EBADB3}.Debug|x64.Build.0 = Debug|x64
		{89B38080-3E74-3DA2-86FE-00FF60EBADB3}.Release|x64.ActiveCfg = Release|x64
		{89B38080-3E74-3DA2-86FE-00FF60EBADB3}.Release|x64.Build.0 = Release|x64
		{89B38080-3E74-3DA2-86FE-00FF60EBADB3}.MinSizeRel|x64.ActiveCfg = MinSizeRel|x64
		{89B38080-3E74-3DA2-86FE-00FF60EBADB3}.MinSizeRel|x64.Build.0 = MinSizeRel|x64
		{89B38080-3E74-3DA2-86FE-00FF60EBADB3}.RelWithDebInfo|x64.ActiveCfg = RelWithDebInfo|x64
		{89B38080-3E74-3DA2-86FE-00FF60EBADB3}.RelWithDebInfo|x64.Build.0 = RelWithDebInfo|x64
		{DC8119E0-C01E-357B-A31D-CEDA6FA7F039}.Debug|x64.ActiveCfg = Debug|x64
		{DC8119E0-C01E-357B-A31D-CEDA6FA7F039}.Debug|x64.Build.0 = Debug|x64
		{DC8119E0-C01E-357B-A31D-CEDA6FA7F039}.Release|x64.ActiveCfg = Release|x64
		{DC8119E0-C01E-357B-A31D-CEDA6FA7F039}.Release|x64.Build.0 = Release|x64
		{DC8119E0-C01E-357B-A31D-CEDA6FA7F039}.MinSizeRel|x64.ActiveCfg = MinSizeRel|x64
		{DC8119E0-C01E-357B-A31D-CEDA6FA7F039}.MinSizeRel|x64.Build.0 = MinSizeRel|x64
		{DC8119E0-C01E-357B-A31D-CEDA6FA7F039}.RelWithDebInfo|x64.ActiveCfg = RelWithDebInfo|x64
		{DC8119E0-C01E-357B-A31D-CEDA6FA7F039}.RelWithDebInfo|x64.Build.0 = RelWithDebInfo|x64
		{7EB4A294-718E-3CFB-88CB-FE9D7BB1ACB6}.Debug|x64.ActiveCfg = Debug|x64
		{7EB4A294-718E-3CFB-88CB-FE9D7BB1ACB6}.Debug|x64.Build.0 = Debug|x64
		{7EB4A294-718E-3CFB-88CB-FE9D7BB1ACB6}.Release|x64.ActiveCfg = Release|x64
		{7EB4A294-718E-3CFB-88CB-FE9D7BB1ACB6}.Release|x64.Build.0 = Release|x64
		{7EB4A294-718E-3CFB-88CB-FE9D7BB1ACB6}.MinSizeRel|x64.ActiveCfg = MinSizeRel|x64
		{7EB4A294-718E-3CFB-88CB-FE9D7BB1ACB6}.MinSizeRel|x64.Build.0 = MinSizeRel|x64
		{7EB4A294-718E-3CFB-88CB-FE9D7BB1ACB6}.RelWithDebInfo|x64.ActiveCfg = RelWithDebInfo|x64
		{7EB4A294-718E-3CFB-88CB-FE9D7BB1ACB6}.RelWithDebInfo|x64.Build.0 = RelWithDebInfo|x64
	EndGlobalSection
	GlobalSection(ExtensibilityGlobals) = postSolution
		SolutionGuid = {0AFC1BF2-9633-3F8B-A8C6-9CD3774DB716}
	EndGlobalSection
	GlobalSection(ExtensibilityAddIns) = postSolution
	EndGlobalSection
EndGlobal
